
Microsoft Visual Studio Solution File, Format Version 12.00
# Visual Studio Version 16
VisualStudioVersion = 16.0.33328.57
MinimumVisualStudioVersion = 10.0.40219.1
Project("{9A19103F-16F7-4668-BE54-9A1E7A4F7556}") = "WebApplication26", "WebApplication26\WebApplication26.csproj", "{935701DD-3E87-4A66-B93B-5A7A6DE5A415}"
EndProject
Project("{9A19103F-16F7-4668-BE54-9A1E7A4F7556}") = "Database", "Database\Database.csproj", "{2158F9BF-0D85-4A01-9A76-A7C401706C8C}"
EndProject
Project("{9A19103F-16F7-4668-BE54-9A1E7A4F7556}") = "EntityLayer", "EntityLayer\EntityLayer.csproj", "{EE6E89D9-BA4D-4523-BCAC-4808A8A37374}"
EndProject
Project("{9A19103F-16F7-4668-BE54-9A1E7A4F7556}") = "CoreLayer", "CoreLayer\CoreLayer.csproj", "{BC49247E-36AB-4E58-B51C-B089256E9286}"
EndProject
Project("{9A19103F-16F7-4668-BE54-9A1E7A4F7556}") = "BusinessLayer", "BusinessLayer\BusinessLayer.csproj", "{A206CB0E-EA33-416F-8F1D-5DE94098DC8F}"
EndProject
Global
	GlobalSection(SolutionConfigurationPlatforms) = preSolution
		Debug|Any CPU = Debug|Any CPU
		Release|Any CPU = Release|Any CPU
	EndGlobalSection
	GlobalSection(ProjectConfigurationPlatforms) = postSolution
		{935701DD-3E87-4A66-B93B-5A7A6DE5A415}.Debug|Any CPU.ActiveCfg = Debug|Any CPU
		{935701DD-3E87-4A66-B93B-5A7A6DE5A415}.Debug|Any CPU.Build.0 = Debug|Any CPU
		{935701DD-3E87-4A66-B93B-5A7A6DE5A415}.Release|Any CPU.ActiveCfg = Release|Any CPU
		{935701DD-3E87-4A66-B93B-5A7A6DE5A415}.Release|Any CPU.Build.0 = Release|Any CPU
		{2158F9BF-0D85-4A01-9A76-A7C401706C8C}.Debug|Any CPU.ActiveCfg = Debug|Any CPU
		{2158F9BF-0D85-4A01-9A76-A7C401706C8C}.Debug|Any CPU.Build.0 = Debug|Any CPU
		{2158F9BF-0D85-4A01-9A76-A7C401706C8C}.Release|Any CPU.ActiveCfg = Release|Any CPU
		{2158F9BF-0D85-4A01-9A76-A7C401706C8C}.Release|Any CPU.Build.0 = Release|Any CPU
		{EE6E89D9-BA4D-4523-BCAC-4808A8A37374}.Debug|Any CPU.ActiveCfg = Debug|Any CPU
		{EE6E89D9-BA4D-4523-BCAC-4808A8A37374}.Debug|Any CPU.Build.0 = Debug|Any CPU
		{EE6E89D9-BA4D-4523-BCAC-4808A8A37374}.Release|Any CPU.ActiveCfg = Release|Any CPU
		{EE6E89D9-BA4D-4523-BCAC-4808A8A37374}.Release|Any CPU.Build.0 = Release|Any CPU
		{BC49247E-36AB-4E58-B51C-B089256E9286}.Debug|Any CPU.ActiveCfg = Debug|Any CPU
		{BC49247E-36AB-4E58-B51C-B089256E9286}.Debug|Any CPU.Build.0 = Debug|Any CPU
		{BC49247E-36AB-4E58-B51C-B089256E9286}.Release|Any CPU.ActiveCfg = Release|Any CPU
		{BC49247E-36AB-4E58-B51C-B089256E9286}.Release|Any CPU.Build.0 = Release|Any CPU
		{A206CB0E-EA33-416F-8F1D-5DE94098DC8F}.Debug|Any CPU.ActiveCfg = Debug|Any CPU
		{A206CB0E-EA33-416F-8F1D-5DE94098DC8F}.Debug|Any CPU.Build.0 = Debug|Any CPU
		{A206CB0E-EA33-416F-8F1D-5DE94098DC8F}.Release|Any CPU.ActiveCfg = Release|Any CPU
		{A206CB0E-EA33-416F-8F1D-5DE94098DC8F}.Release|Any CPU.Build.0 = Release|Any CPU
	EndGlobalSection
	GlobalSection(SolutionProperties) = preSolution
		HideSolutionNode = FALSE
	EndGlobalSection
	GlobalSection(ExtensibilityGlobals) = postSolution
		SolutionGuid = {1E0F3511-97A6-4159-A9B1-1AC9460820A1}
	EndGlobalSection
EndGlobal
